<?xml version="1.0" encoding="utf-8"?>
<Project ToolsVersion="4.0" xmlns="http://schemas.microsoft.com/developer/msbuild/2003">
  <ItemGroup>
    <Filter Include="Source Files">
      <UniqueIdentifier>{4FC737F1-C7A5-4376-A066-2A32D752A2FF}</UniqueIdentifier>
      <Extensions>cpp;c;cc;cxx;c++;cppm;ixx;def;odl;idl;hpj;bat;asm;asmx</Extensions>
    </Filter>
    <Filter Include="Header Files">
      <UniqueIdentifier>{93995380-89BD-4b04-88EB-625FBE52EBFB}</UniqueIdentifier>
      <Extensions>h;hh;hpp;hxx;h++;hm;inl;inc;ipp;xsd</Extensions>
    </Filter>
    <Filter Include="Resource Files">
      <UniqueIdentifier>{67DA6AB6-F800-4c08-8B7A-83BB121AAD01}</UniqueIdentifier>
      <Extensions>rc;ico;cur;bmp;dlg;rc2;rct;bin;rgs;gif;jpg;jpeg;jpe;resx;tiff;tif;png;wav;mfcribbon-ms</Extensions>
    </Filter>
  </ItemGroup>
  <ItemGroup>
    <ClCompile Include="main.c">
      <Filter>Source Files</Filter>
    </ClCompile>
  </ItemGroup>
  <ItemGroup>
    <Text Include="test\binary_tree.n" />
    <Text Include="test\linked_lists.n" />
    <Text Include="test\dynamic_lists.n" />
    <Text Include="test\error_examples.n" />
    <Text Include="test\method_overloading.n" />
    <Text Include="test\extern.n" />
    <Text Include="test\loops.n" />
    <Text Include="test\constructors.n" />
    <Text Include="test\parsing_tests.n" />
    <Text Include="examples\nous_parser.n" />
    <Text Include="test\hashmap_test.n" />
    <Text Include="test\compound_literals.n" />
    <Text Include="test\casts.n" />
    <Text Include="test\structs.n" />
    <Text Include="test\globals.n" />
    <Text Include="test\size_of.n" />
    <Text Include="test\switch.n" />
    <Text Include="test\enum.n" />
    <Text Include="test\unions.n" />
    <Text Include="test\new_and_delete.n" />
    <Text Include="test\arrays.n" />
    <Text Include="test\auto_dereference.n" />
    <Text Include="examples\stack_vm.n" />
    <Text Include="examples\memory_arena.n" />
    <Text Include="test\implicit_type_conversions.n" />
    <Text Include="test\pointer_arithmetic.n" />
    <Text Include="test\function_overloading.n" />
    <Text Include="examples\hashmap.n" />
    <Text Include="test\address_of.n" />
    <Text Include="test\null.n" />
    <Text Include="include\common.n" />
  </ItemGroup>
</Project>