<?xml version="1.0" encoding="utf-8"?>
<Project ToolsVersion="4.0" xmlns="http://schemas.microsoft.com/developer/msbuild/2003">
  <ItemGroup>
    <Filter Include="Source Files">
      <UniqueIdentifier>{4FC737F1-C7A5-4376-A066-2A32D752A2FF}</UniqueIdentifier>
      <Extensions>cpp;c;cc;cxx;c++;cppm;ixx;def;odl;idl;hpj;bat;asm;asmx</Extensions>
    </Filter>
    <Filter Include="Header Files">
      <UniqueIdentifier>{93995380-89BD-4b04-88EB-625FBE52EBFB}</UniqueIdentifier>
      <Extensions>h;hh;hpp;hxx;h++;hm;inl;inc;ipp;xsd</Extensions>
    </Filter>
    <Filter Include="Resource Files">
      <UniqueIdentifier>{67DA6AB6-F800-4c08-8B7A-83BB121AAD01}</UniqueIdentifier>
      <Extensions>rc;ico;cur;bmp;dlg;rc2;rct;bin;rgs;gif;jpg;jpeg;jpe;resx;tiff;tif;png;wav;mfcribbon-ms</Extensions>
    </Filter>
  </ItemGroup>
  <ItemGroup>
    <ClCompile Include="main.c">
      <Filter>Source Files</Filter>
    </ClCompile>
  </ItemGroup>
  <ItemGroup>
    <Text Include="test\binary_tree_test.wil" />
    <Text Include="examples\linked_list.wil" />
    <Text Include="test\dynamic_lists_test.wil" />
    <Text Include="test\method_overloading.wil" />
    <Text Include="test\extern.wil" />
    <Text Include="test\loops.wil" />
    <Text Include="test\constructors.wil" />
    <Text Include="test\parsing_tests.wil" />
    <Text Include="test\hashmap_test.wil" />
    <Text Include="test\compound_literals.wil" />
    <Text Include="test\casts.wil" />
    <Text Include="test\structs.wil" />
    <Text Include="test\globals.wil" />
    <Text Include="test\size_of.wil" />
    <Text Include="test\switch.wil" />
    <Text Include="test\enum.wil" />
    <Text Include="test\unions.wil" />
    <Text Include="test\new_and_delete.wil" />
    <Text Include="test\arrays.wil" />
    <Text Include="test\auto_dereference.wil" />
    <Text Include="examples\stack_vm.wil" />
    <Text Include="examples\memory_arena.wil" />
    <Text Include="test\implicit_type_conversions.wil" />
    <Text Include="test\pointer_arithmetic.wil" />
    <Text Include="test\function_overloading.wil" />
    <Text Include="examples\hashmap.wil" />
    <Text Include="test\address_of.wil" />
    <Text Include="test\null.wil" />
    <Text Include="test\bitwise_operators.wil" />
    <Text Include="test\assign_operators.wil" />
    <Text Include="include\common.wil" />
    <Text Include="test\printf_test.wil" />
    <Text Include="examples\hello_world.wil" />
    <Text Include="examples\control_flow.wil" />
    <Text Include="examples\binary_tree.wil" />
    <Text Include="examples\dynamic_lists.wil" />
    <Text Include="test\linked_lists_test.wil" />
    <Text Include="examples\operators.wil" />
    <Text Include="examples\pointers.wil" />
    <Text Include="examples\variables.wil" />
    <Text Include="examples\functions_and_methods.wil" />
    <Text Include="examples\memory_management.wil" />
    <Text Include="examples\structs_and_unions.wil" />
    <Text Include="examples\xml_parser.wil" />
    <Text Include="test\escaping_characters.wil" />
    <Text Include="test\gc_test.wil" />
    <Text Include="test\stack_vm_test.wil" />
    <Text Include="examples\quine.wil" />
    <Text Include="test\xml_parser_test.wil" />
  </ItemGroup>
</Project>